
Microsoft Visual Studio Solution File, Format Version 12.00
# Visual Studio Version 17
VisualStudioVersion = 17.9.34607.119
MinimumVisualStudioVersion = 10.0.40219.1
Project("{FAE04EC0-301F-11D3-BF4B-00C04F79EFBC}") = "MTVHesaplama", "MTVHesaplama.csproj", "{791742F4-9079-4905-9D52-BC8EC301DB47}"
EndProject
Global
	GlobalSection(SolutionConfigurationPlatforms) = preSolution
		Debug|Any CPU = Debug|Any CPU
		Release|Any CPU = Release|Any CPU
	EndGlobalSection
	GlobalSection(ProjectConfigurationPlatforms) = postSolution
		{791742F4-9079-4905-9D52-BC8EC301DB47}.Debug|Any CPU.ActiveCfg = Debug|Any CPU
		{791742F4-9079-4905-9D52-BC8EC301DB47}.Debug|Any CPU.Build.0 = Debug|Any CPU
		{791742F4-9079-4905-9D52-BC8EC301DB47}.Release|Any CPU.ActiveCfg = Release|Any CPU
		{791742F4-9079-4905-9D52-BC8EC301DB47}.Release|Any CPU.Build.0 = Release|Any CPU
	EndGlobalSection
	GlobalSection(SolutionProperties) = preSolution
		HideSolutionNode = FALSE
	EndGlobalSection
	GlobalSection(ExtensibilityGlobals) = postSolution
		SolutionGuid = {4CFC2A15-393D-4D20-8A1A-645ABA86947A}
	EndGlobalSection
EndGlobal
